{
  "name": "test",
  "version": "1.0.0",
  "lockfileVersion": 2,
  "requires": true,
  "packages": {
    "": {
      "name": "test",
      "version": "1.0.0",
      "license": "ISC",
      "devDependencies": {
        "typescript": "^4.4.3",
        "yerb": "file:../../yerb-0.1.0.tgz"
      }
    },
    "node_modules/typescript": {
      "version": "4.7.4",
      "resolved": "https://registry.npmjs.org/typescript/-/typescript-4.7.4.tgz",
      "integrity": "sha512-C0WQT0gezHuw6AdY1M2jxUO83Rjf0HP7Sk1DtXj6j1EwkQNZrHAg2XPWlq62oqEhYvONq5pkC2Y9oPljWToLmQ==",
      "dev": true,
      "bin": {
        "tsc": "bin/tsc",
        "tsserver": "bin/tsserver"
      },
      "engines": {
        "node": ">=4.2.0"
      }
    },
    "node_modules/yerb": {
      "version": "0.1.0",
      "resolved": "file:../../yerb-0.1.0.tgz",
      "integrity": "sha512-1h5x8zNNzzk3sqQOjC/L01/b1iLywHxIGRAFsdgVWFck0mIykkIHTeqILHRLq0lnNxnXNbv6z8fOgQKrRDV3NQ==",
      "dev": true,
      "license": "ISC",
      "bin": {
        "yerb": "out-tsc/src/main.js"
      },
      "engines": {
        "node": ">=14.3.0"
      }
    }
  },
  "dependencies": {
    "typescript": {
      "version": "4.7.4",
      "resolved": "https://registry.npmjs.org/typescript/-/typescript-4.7.4.tgz",
      "integrity": "sha512-C0WQT0gezHuw6AdY1M2jxUO83Rjf0HP7Sk1DtXj6j1EwkQNZrHAg2XPWlq62oqEhYvONq5pkC2Y9oPljWToLmQ==",
      "dev": true
    },
    "yerb": {
      "version": "file:../../yerb-0.1.0.tgz",
      "integrity": "sha512-1h5x8zNNzzk3sqQOjC/L01/b1iLywHxIGRAFsdgVWFck0mIykkIHTeqILHRLq0lnNxnXNbv6z8fOgQKrRDV3NQ==",
      "dev": true
    }
  }
}
